// !$*UTF8*$!
{
	archiveVersion = 1;
	classes = {
	};
	objectVersion = 56;
	objects = {

/* Begin PBXBuildFile section */
		F7F02E752909940D0091DC39 /* AppDelegate.swift in Sources */ = {isa = PBXBuildFile; fileRef = F7F02E742909940D0091DC39 /* AppDelegate.swift */; };
		F7F02E772909940D0091DC39 /* SceneDelegate.swift in Sources */ = {isa = PBXBuildFile; fileRef = F7F02E762909940D0091DC39 /* SceneDelegate.swift */; };
		F7F02E792909940D0091DC39 /* ViewController.swift in Sources */ = {isa = PBXBuildFile; fileRef = F7F02E782909940D0091DC39 /* ViewController.swift */; };
		F7F02E7C2909940D0091DC39 /* Main.storyboard in Resources */ = {isa = PBXBuildFile; fileRef = F7F02E7A2909940D0091DC39 /* Main.storyboard */; };
		F7F02E7E2909940E0091DC39 /* Assets.xcassets in Resources */ = {isa = PBXBuildFile; fileRef = F7F02E7D2909940E0091DC39 /* Assets.xcassets */; };
		F7F02E812909940E0091DC39 /* LaunchScreen.storyboard in Resources */ = {isa = PBXBuildFile; fileRef = F7F02E7F2909940E0091DC39 /* LaunchScreen.storyboard */; };
		F7F02E8C2909940F0091DC39 /* decodeCSVfilesTests.swift in Sources */ = {isa = PBXBuildFile; fileRef = F7F02E8B2909940F0091DC39 /* decodeCSVfilesTests.swift */; };
		F7F02E962909940F0091DC39 /* decodeCSVfilesUITests.swift in Sources */ = {isa = PBXBuildFile; fileRef = F7F02E952909940F0091DC39 /* decodeCSVfilesUITests.swift */; };
		F7F02E982909940F0091DC39 /* decodeCSVfilesUITestsLaunchTests.swift in Sources */ = {isa = PBXBuildFile; fileRef = F7F02E972909940F0091DC39 /* decodeCSVfilesUITestsLaunchTests.swift */; };
		F7F02EB3290996B70091DC39 /* slope10x10.csv in Resources */ = {isa = PBXBuildFile; fileRef = F7F02EAF290996B70091DC39 /* slope10x10.csv */; };
		F7F02EB7290997E30091DC39 /* height10x10.csv in Resources */ = {isa = PBXBuildFile; fileRef = F7F02EB4290997E30091DC39 /* height10x10.csv */; };
		F7F02EB8290997E30091DC39 /* longitude10x10.csv in Resources */ = {isa = PBXBuildFile; fileRef = F7F02EB5290997E30091DC39 /* longitude10x10.csv */; };
		F7F02EB9290997E30091DC39 /* latitude10x10.csv in Resources */ = {isa = PBXBuildFile; fileRef = F7F02EB6290997E30091DC39 /* latitude10x10.csv */; };
/* End PBXBuildFile section */

/* Begin PBXContainerItemProxy section */
		F7F02E882909940F0091DC39 /* PBXContainerItemProxy */ = {
			isa = PBXContainerItemProxy;
			containerPortal = F7F02E692909940D0091DC39 /* Project object */;
			proxyType = 1;
			remoteGlobalIDString = F7F02E702909940D0091DC39;
			remoteInfo = decodeCSVfiles;
		};
		F7F02E922909940F0091DC39 /* PBXContainerItemProxy */ = {
			isa = PBXContainerItemProxy;
			containerPortal = F7F02E692909940D0091DC39 /* Project object */;
			proxyType = 1;
			remoteGlobalIDString = F7F02E702909940D0091DC39;
			remoteInfo = decodeCSVfiles;
		};
/* End PBXContainerItemProxy section */

/* Begin PBXFileReference section */
		F7F02E712909940D0091DC39 /* decodeCSVfiles.app */ = {isa = PBXFileReference; explicitFileType = wrapper.application; includeInIndex = 0; path = decodeCSVfiles.app; sourceTree = BUILT_PRODUCTS_DIR; };
		F7F02E742909940D0091DC39 /* AppDelegate.swift */ = {isa = PBXFileReference; lastKnownFileType = sourcecode.swift; path = AppDelegate.swift; sourceTree = "<group>"; };
		F7F02E762909940D0091DC39 /* SceneDelegate.swift */ = {isa = PBXFileReference; lastKnownFileType = sourcecode.swift; path = SceneDelegate.swift; sourceTree = "<group>"; };
		F7F02E782909940D0091DC39 /* ViewController.swift */ = {isa = PBXFileReference; lastKnownFileType = sourcecode.swift; path = ViewController.swift; sourceTree = "<group>"; };
		F7F02E7B2909940D0091DC39 /* Base */ = {isa = PBXFileReference; lastKnownFileType = file.storyboard; name = Base; path = Base.lproj/Main.storyboard; sourceTree = "<group>"; };
		F7F02E7D2909940E0091DC39 /* Assets.xcassets */ = {isa = PBXFileReference; lastKnownFileType = folder.assetcatalog; path = Assets.xcassets; sourceTree = "<group>"; };
		F7F02E802909940E0091DC39 /* Base */ = {isa = PBXFileReference; lastKnownFileType = file.storyboard; name = Base; path = Base.lproj/LaunchScreen.storyboard; sourceTree = "<group>"; };
		F7F02E822909940E0091DC39 /* Info.plist */ = {isa = PBXFileReference; lastKnownFileType = text.plist.xml; path = Info.plist; sourceTree = "<group>"; };
		F7F02E872909940F0091DC39 /* decodeCSVfilesTests.xctest */ = {isa = PBXFileReference; explicitFileType = wrapper.cfbundle; includeInIndex = 0; path = decodeCSVfilesTests.xctest; sourceTree = BUILT_PRODUCTS_DIR; };
		F7F02E8B2909940F0091DC39 /* decodeCSVfilesTests.swift */ = {isa = PBXFileReference; lastKnownFileType = sourcecode.swift; path = decodeCSVfilesTests.swift; sourceTree = "<group>"; };
		F7F02E912909940F0091DC39 /* decodeCSVfilesUITests.xctest */ = {isa = PBXFileReference; explicitFileType = wrapper.cfbundle; includeInIndex = 0; path = decodeCSVfilesUITests.xctest; sourceTree = BUILT_PRODUCTS_DIR; };
		F7F02E952909940F0091DC39 /* decodeCSVfilesUITests.swift */ = {isa = PBXFileReference; lastKnownFileType = sourcecode.swift; path = decodeCSVfilesUITests.swift; sourceTree = "<group>"; };
		F7F02E972909940F0091DC39 /* decodeCSVfilesUITestsLaunchTests.swift */ = {isa = PBXFileReference; lastKnownFileType = sourcecode.swift; path = decodeCSVfilesUITestsLaunchTests.swift; sourceTree = "<group>"; };
		F7F02EAF290996B70091DC39 /* slope10x10.csv */ = {isa = PBXFileReference; fileEncoding = 4; lastKnownFileType = text; path = slope10x10.csv; sourceTree = "<group>"; };
		F7F02EB4290997E30091DC39 /* height10x10.csv */ = {isa = PBXFileReference; fileEncoding = 4; lastKnownFileType = text; path = height10x10.csv; sourceTree = "<group>"; };
		F7F02EB5290997E30091DC39 /* longitude10x10.csv */ = {isa = PBXFileReference; fileEncoding = 4; lastKnownFileType = text; path = longitude10x10.csv; sourceTree = "<group>"; };
		F7F02EB6290997E30091DC39 /* latitude10x10.csv */ = {isa = PBXFileReference; fileEncoding = 4; lastKnownFileType = text; path = latitude10x10.csv; sourceTree = "<group>"; };
/* End PBXFileReference section */

/* Begin PBXFrameworksBuildPhase section */
		F7F02E6E2909940D0091DC39 /* Frameworks */ = {
			isa = PBXFrameworksBuildPhase;
			buildActionMask = 2147483647;
			files = (
			);
			runOnlyForDeploymentPostprocessing = 0;
		};
		F7F02E842909940F0091DC39 /* Frameworks */ = {
			isa = PBXFrameworksBuildPhase;
			buildActionMask = 2147483647;
			files = (
			);
			runOnlyForDeploymentPostprocessing = 0;
		};
		F7F02E8E2909940F0091DC39 /* Frameworks */ = {
			isa = PBXFrameworksBuildPhase;
			buildActionMask = 2147483647;
			files = (
			);
			runOnlyForDeploymentPostprocessing = 0;
		};
/* End PBXFrameworksBuildPhase section */

/* Begin PBXGroup section */
		F7F02E682909940D0091DC39 = {
			isa = PBXGroup;
			children = (
				F7F02E732909940D0091DC39 /* decodeCSVfiles */,
				F7F02E8A2909940F0091DC39 /* decodeCSVfilesTests */,
				F7F02E942909940F0091DC39 /* decodeCSVfilesUITests */,
				F7F02E722909940D0091DC39 /* Products */,
			);
			sourceTree = "<group>";
		};
		F7F02E722909940D0091DC39 /* Products */ = {
			isa = PBXGroup;
			children = (
				F7F02E712909940D0091DC39 /* decodeCSVfiles.app */,
				F7F02E872909940F0091DC39 /* decodeCSVfilesTests.xctest */,
				F7F02E912909940F0091DC39 /* decodeCSVfilesUITests.xctest */,
			);
			name = Products;
			sourceTree = "<group>";
		};
		F7F02E732909940D0091DC39 /* decodeCSVfiles */ = {
			isa = PBXGroup;
			children = (
				F7F02E742909940D0091DC39 /* AppDelegate.swift */,
				F7F02E762909940D0091DC39 /* SceneDelegate.swift */,
				F7F02E782909940D0091DC39 /* ViewController.swift */,
				F7F02E7A2909940D0091DC39 /* Main.storyboard */,
				F7F02EB4290997E30091DC39 /* height10x10.csv */,
				F7F02EB6290997E30091DC39 /* latitude10x10.csv */,
				F7F02EB5290997E30091DC39 /* longitude10x10.csv */,
				F7F02EAF290996B70091DC39 /* slope10x10.csv */,
				F7F02E7D2909940E0091DC39 /* Assets.xcassets */,
				F7F02E7F2909940E0091DC39 /* LaunchScreen.storyboard */,
				F7F02E822909940E0091DC39 /* Info.plist */,
			);
			path = decodeCSVfiles;
			sourceTree = "<group>";
		};
		F7F02E8A2909940F0091DC39 /* decodeCSVfilesTests */ = {
			isa = PBXGroup;
			children = (
				F7F02E8B2909940F0091DC39 /* decodeCSVfilesTests.swift */,
			);
			path = decodeCSVfilesTests;
			sourceTree = "<group>";
		};
		F7F02E942909940F0091DC39 /* decodeCSVfilesUITests */ = {
			isa = PBXGroup;
			children = (
				F7F02E952909940F0091DC39 /* decodeCSVfilesUITests.swift */,
				F7F02E972909940F0091DC39 /* decodeCSVfilesUITestsLaunchTests.swift */,
			);
			path = decodeCSVfilesUITests;
			sourceTree = "<group>";
		};
/* End PBXGroup section */

/* Begin PBXNativeTarget section */
		F7F02E702909940D0091DC39 /* decodeCSVfiles */ = {
			isa = PBXNativeTarget;
			buildConfigurationList = F7F02E9B2909940F0091DC39 /* Build configuration list for PBXNativeTarget "decodeCSVfiles" */;
			buildPhases = (
				F7F02E6D2909940D0091DC39 /* Sources */,
				F7F02E6E2909940D0091DC39 /* Frameworks */,
				F7F02E6F2909940D0091DC39 /* Resources */,
			);
			buildRules = (
			);
			dependencies = (
			);
			name = decodeCSVfiles;
			productName = decodeCSVfiles;
			productReference = F7F02E712909940D0091DC39 /* decodeCSVfiles.app */;
			productType = "com.apple.product-type.application";
		};
		F7F02E862909940F0091DC39 /* decodeCSVfilesTests */ = {
			isa = PBXNativeTarget;
			buildConfigurationList = F7F02E9E2909940F0091DC39 /* Build configuration list for PBXNativeTarget "decodeCSVfilesTests" */;
			buildPhases = (
				F7F02E832909940F0091DC39 /* Sources */,
				F7F02E842909940F0091DC39 /* Frameworks */,
				F7F02E852909940F0091DC39 /* Resources */,
			);
			buildRules = (
			);
			dependencies = (
				F7F02E892909940F0091DC39 /* PBXTargetDependency */,
			);
			name = decodeCSVfilesTests;
			productName = decodeCSVfilesTests;
			productReference = F7F02E872909940F0091DC39 /* decodeCSVfilesTests.xctest */;
			productType = "com.apple.product-type.bundle.unit-test";
		};
		F7F02E902909940F0091DC39 /* decodeCSVfilesUITests */ = {
			isa = PBXNativeTarget;
			buildConfigurationList = F7F02EA12909940F0091DC39 /* Build configuration list for PBXNativeTarget "decodeCSVfilesUITests" */;
			buildPhases = (
				F7F02E8D2909940F0091DC39 /* Sources */,
				F7F02E8E2909940F0091DC39 /* Frameworks */,
				F7F02E8F2909940F0091DC39 /* Resources */,
			);
			buildRules = (
			);
			dependencies = (
				F7F02E932909940F0091DC39 /* PBXTargetDependency */,
			);
			name = decodeCSVfilesUITests;
			productName = decodeCSVfilesUITests;
			productReference = F7F02E912909940F0091DC39 /* decodeCSVfilesUITests.xctest */;
			productType = "com.apple.product-type.bundle.ui-testing";
		};
/* End PBXNativeTarget section */

/* Begin PBXProject section */
		F7F02E692909940D0091DC39 /* Project object */ = {
			isa = PBXProject;
			attributes = {
				BuildIndependentTargetsInParallel = 1;
				LastSwiftUpdateCheck = 1400;
				LastUpgradeCheck = 1400;
				TargetAttributes = {
					F7F02E702909940D0091DC39 = {
						CreatedOnToolsVersion = 14.0.1;
					};
					F7F02E862909940F0091DC39 = {
						CreatedOnToolsVersion = 14.0.1;
						TestTargetID = F7F02E702909940D0091DC39;
					};
					F7F02E902909940F0091DC39 = {
						CreatedOnToolsVersion = 14.0.1;
						TestTargetID = F7F02E702909940D0091DC39;
					};
				};
			};
			buildConfigurationList = F7F02E6C2909940D0091DC39 /* Build configuration list for PBXProject "decodeCSVfiles" */;
			compatibilityVersion = "Xcode 14.0";
			developmentRegion = en;
			hasScannedForEncodings = 0;
			knownRegions = (
				en,
				Base,
			);
			mainGroup = F7F02E682909940D0091DC39;
			productRefGroup = F7F02E722909940D0091DC39 /* Products */;
			projectDirPath = "";
			projectRoot = "";
			targets = (
				F7F02E702909940D0091DC39 /* decodeCSVfiles */,
				F7F02E862909940F0091DC39 /* decodeCSVfilesTests */,
				F7F02E902909940F0091DC39 /* decodeCSVfilesUITests */,
			);
		};
/* End PBXProject section */

/* Begin PBXResourcesBuildPhase section */
		F7F02E6F2909940D0091DC39 /* Resources */ = {
			isa = PBXResourcesBuildPhase;
			buildActionMask = 2147483647;
			files = (
				F7F02EB9290997E30091DC39 /* latitude10x10.csv in Resources */,
				F7F02E812909940E0091DC39 /* LaunchScreen.storyboard in Resources */,
				F7F02EB8290997E30091DC39 /* longitude10x10.csv in Resources */,
				F7F02EB3290996B70091DC39 /* slope10x10.csv in Resources */,
				F7F02E7E2909940E0091DC39 /* Assets.xcassets in Resources */,
				F7F02EB7290997E30091DC39 /* height10x10.csv in Resources */,
				F7F02E7C2909940D0091DC39 /* Main.storyboard in Resources */,
			);
			runOnlyForDeploymentPostprocessing = 0;
		};
		F7F02E852909940F0091DC39 /* Resources */ = {
			isa = PBXResourcesBuildPhase;
			buildActionMask = 2147483647;
			files = (
			);
			runOnlyForDeploymentPostprocessing = 0;
		};
		F7F02E8F2909940F0091DC39 /* Resources */ = {
			isa = PBXResourcesBuildPhase;
			buildActionMask = 2147483647;
			files = (
			);
			runOnlyForDeploymentPostprocessing = 0;
		};
/* End PBXResourcesBuildPhase section */

/* Begin PBXSourcesBuildPhase section */
		F7F02E6D2909940D0091DC39 /* Sources */ = {
			isa = PBXSourcesBuildPhase;
			buildActionMask = 2147483647;
			files = (
				F7F02E792909940D0091DC39 /* ViewController.swift in Sources */,
				F7F02E752909940D0091DC39 /* AppDelegate.swift in Sources */,
				F7F02E772909940D0091DC39 /* SceneDelegate.swift in Sources */,
			);
			runOnlyForDeploymentPostprocessing = 0;
		};
		F7F02E832909940F0091DC39 /* Sources */ = {
			isa = PBXSourcesBuildPhase;
			buildActionMask = 2147483647;
			files = (
				F7F02E8C2909940F0091DC39 /* decodeCSVfilesTests.swift in Sources */,
			);
			runOnlyForDeploymentPostprocessing = 0;
		};
		F7F02E8D2909940F0091DC39 /* Sources */ = {
			isa = PBXSourcesBuildPhase;
			buildActionMask = 2147483647;
			files = (
				F7F02E962909940F0091DC39 /* decodeCSVfilesUITests.swift in Sources */,
				F7F02E982909940F0091DC39 /* decodeCSVfilesUITestsLaunchTests.swift in Sources */,
			);
			runOnlyForDeploymentPostprocessing = 0;
		};
/* End PBXSourcesBuildPhase section */

/* Begin PBXTargetDependency section */
		F7F02E892909940F0091DC39 /* PBXTargetDependency */ = {
			isa = PBXTargetDependency;
			target = F7F02E702909940D0091DC39 /* decodeCSVfiles */;
			targetProxy = F7F02E882909940F0091DC39 /* PBXContainerItemProxy */;
		};
		F7F02E932909940F0091DC39 /* PBXTargetDependency */ = {
			isa = PBXTargetDependency;
			target = F7F02E702909940D0091DC39 /* decodeCSVfiles */;
			targetProxy = F7F02E922909940F0091DC39 /* PBXContainerItemProxy */;
		};
/* End PBXTargetDependency section */

/* Begin PBXVariantGroup section */
		F7F02E7A2909940D0091DC39 /* Main.storyboard */ = {
			isa = PBXVariantGroup;
			children = (
				F7F02E7B2909940D0091DC39 /* Base */,
			);
			name = Main.storyboard;
			sourceTree = "<group>";
		};
		F7F02E7F2909940E0091DC39 /* LaunchScreen.storyboard */ = {
			isa = PBXVariantGroup;
			children = (
				F7F02E802909940E0091DC39 /* Base */,
			);
			name = LaunchScreen.storyboard;
			sourceTree = "<group>";
		};
/* End PBXVariantGroup section */

/* Begin XCBuildConfiguration section */
		F7F02E992909940F0091DC39 /* Debug */ = {
			isa = XCBuildConfiguration;
			buildSettings = {
				ALWAYS_SEARCH_USER_PATHS = NO;
				CLANG_ANALYZER_NONNULL = YES;
				CLANG_ANALYZER_NUMBER_OBJECT_CONVERSION = YES_AGGRESSIVE;
				CLANG_CXX_LANGUAGE_STANDARD = "gnu++20";
				CLANG_ENABLE_MODULES = YES;
				CLANG_ENABLE_OBJC_ARC = YES;
				CLANG_ENABLE_OBJC_WEAK = YES;
				CLANG_WARN_BLOCK_CAPTURE_AUTORELEASING = YES;
				CLANG_WARN_BOOL_CONVERSION = YES;
				CLANG_WARN_COMMA = YES;
				CLANG_WARN_CONSTANT_CONVERSION = YES;
				CLANG_WARN_DEPRECATED_OBJC_IMPLEMENTATIONS = YES;
				CLANG_WARN_DIRECT_OBJC_ISA_USAGE = YES_ERROR;
				CLANG_WARN_DOCUMENTATION_COMMENTS = YES;
				CLANG_WARN_EMPTY_BODY = YES;
				CLANG_WARN_ENUM_CONVERSION = YES;
				CLANG_WARN_INFINITE_RECURSION = YES;
				CLANG_WARN_INT_CONVERSION = YES;
				CLANG_WARN_NON_LITERAL_NULL_CONVERSION = YES;
				CLANG_WARN_OBJC_IMPLICIT_RETAIN_SELF = YES;
				CLANG_WARN_OBJC_LITERAL_CONVERSION = YES;
				CLANG_WARN_OBJC_ROOT_CLASS = YES_ERROR;
				CLANG_WARN_QUOTED_INCLUDE_IN_FRAMEWORK_HEADER = YES;
				CLANG_WARN_RANGE_LOOP_ANALYSIS = YES;
				CLANG_WARN_STRICT_PROTOTYPES = YES;
				CLANG_WARN_SUSPICIOUS_MOVE = YES;
				CLANG_WARN_UNGUARDED_AVAILABILITY = YES_AGGRESSIVE;
				CLANG_WARN_UNREACHABLE_CODE = YES;
				CLANG_WARN__DUPLICATE_METHOD_MATCH = YES;
				COPY_PHASE_STRIP = NO;
				DEBUG_INFORMATION_FORMAT = dwarf;
				ENABLE_STRICT_OBJC_MSGSEND = YES;
				ENABLE_TESTABILITY = YES;
				GCC_C_LANGUAGE_STANDARD = gnu11;
				GCC_DYNAMIC_NO_PIC = NO;
				GCC_NO_COMMON_BLOCKS = YES;
				GCC_OPTIMIZATION_LEVEL = 0;
				GCC_PREPROCESSOR_DEFINITIONS = (
					"DEBUG=1",
					"$(inherited)",
				);
				GCC_WARN_64_TO_32_BIT_CONVERSION = YES;
				GCC_WARN_ABOUT_RETURN_TYPE = YES_ERROR;
				GCC_WARN_UNDECLARED_SELECTOR = YES;
				GCC_WARN_UNINITIALIZED_AUTOS = YES_AGGRESSIVE;
				GCC_WARN_UNUSED_FUNCTION = YES;
				GCC_WARN_UNUSED_VARIABLE = YES;
				IPHONEOS_DEPLOYMENT_TARGET = 16.0;
				MTL_ENABLE_DEBUG_INFO = INCLUDE_SOURCE;
				MTL_FAST_MATH = YES;
				ONLY_ACTIVE_ARCH = YES;
				SDKROOT = iphoneos;
				SWIFT_ACTIVE_COMPILATION_CONDITIONS = DEBUG;
				SWIFT_OPTIMIZATION_LEVEL = "-Onone";
			};
			name = Debug;
		};
		F7F02E9A2909940F0091DC39 /* Release */ = {
			isa = XCBuildConfiguration;
			buildSettings = {
				ALWAYS_SEARCH_USER_PATHS = NO;
				CLANG_ANALYZER_NONNULL = YES;
				CLANG_ANALYZER_NUMBER_OBJECT_CONVERSION = YES_AGGRESSIVE;
				CLANG_CXX_LANGUAGE_STANDARD = "gnu++20";
				CLANG_ENABLE_MODULES = YES;
				CLANG_ENABLE_OBJC_ARC = YES;
				CLANG_ENABLE_OBJC_WEAK = YES;
				CLANG_WARN_BLOCK_CAPTURE_AUTORELEASING = YES;
				CLANG_WARN_BOOL_CONVERSION = YES;
				CLANG_WARN_COMMA = YES;
				CLANG_WARN_CONSTANT_CONVERSION = YES;
				CLANG_WARN_DEPRECATED_OBJC_IMPLEMENTATIONS = YES;
				CLANG_WARN_DIRECT_OBJC_ISA_USAGE = YES_ERROR;
				CLANG_WARN_DOCUMENTATION_COMMENTS = YES;
				CLANG_WARN_EMPTY_BODY = YES;
				CLANG_WARN_ENUM_CONVERSION = YES;
				CLANG_WARN_INFINITE_RECURSION = YES;
				CLANG_WARN_INT_CONVERSION = YES;
				CLANG_WARN_NON_LITERAL_NULL_CONVERSION = YES;
				CLANG_WARN_OBJC_IMPLICIT_RETAIN_SELF = YES;
				CLANG_WARN_OBJC_LITERAL_CONVERSION = YES;
				CLANG_WARN_OBJC_ROOT_CLASS = YES_ERROR;
				CLANG_WARN_QUOTED_INCLUDE_IN_FRAMEWORK_HEADER = YES;
				CLANG_WARN_RANGE_LOOP_ANALYSIS = YES;
				CLANG_WARN_STRICT_PROTOTYPES = YES;
				CLANG_WARN_SUSPICIOUS_MOVE = YES;
				CLANG_WARN_UNGUARDED_AVAILABILITY = YES_AGGRESSIVE;
				CLANG_WARN_UNREACHABLE_CODE = YES;
				CLANG_WARN__DUPLICATE_METHOD_MATCH = YES;
				COPY_PHASE_STRIP = NO;
				DEBUG_INFORMATION_FORMAT = "dwarf-with-dsym";
				ENABLE_NS_ASSERTIONS = NO;
				ENABLE_STRICT_OBJC_MSGSEND = YES;
				GCC_C_LANGUAGE_STANDARD = gnu11;
				GCC_NO_COMMON_BLOCKS = YES;
				GCC_WARN_64_TO_32_BIT_CONVERSION = YES;
				GCC_WARN_ABOUT_RETURN_TYPE = YES_ERROR;
				GCC_WARN_UNDECLARED_SELECTOR = YES;
				GCC_WARN_UNINITIALIZED_AUTOS = YES_AGGRESSIVE;
				GCC_WARN_UNUSED_FUNCTION = YES;
				GCC_WARN_UNUSED_VARIABLE = YES;
				IPHONEOS_DEPLOYMENT_TARGET = 16.0;
				MTL_ENABLE_DEBUG_INFO = NO;
				MTL_FAST_MATH = YES;
				SDKROOT = iphoneos;
				SWIFT_COMPILATION_MODE = wholemodule;
				SWIFT_OPTIMIZATION_LEVEL = "-O";
				VALIDATE_PRODUCT = YES;
			};
			name = Release;
		};
		F7F02E9C2909940F0091DC39 /* Debug */ = {
			isa = XCBuildConfiguration;
			buildSettings = {
				ASSETCATALOG_COMPILER_APPICON_NAME = AppIcon;
				ASSETCATALOG_COMPILER_GLOBAL_ACCENT_COLOR_NAME = AccentColor;
				CODE_SIGN_STYLE = Automatic;
				CURRENT_PROJECT_VERSION = 1;
				DEVELOPMENT_TEAM = 725K596GTU;
				GENERATE_INFOPLIST_FILE = YES;
				INFOPLIST_FILE = decodeCSVfiles/Info.plist;
				INFOPLIST_KEY_UIApplicationSupportsIndirectInputEvents = YES;
				INFOPLIST_KEY_UILaunchStoryboardName = LaunchScreen;
				INFOPLIST_KEY_UIMainStoryboardFile = Main;
				INFOPLIST_KEY_UISupportedInterfaceOrientations_iPad = "UIInterfaceOrientationPortrait UIInterfaceOrientationPortraitUpsideDown UIInterfaceOrientationLandscapeLeft UIInterfaceOrientationLandscapeRight";
				INFOPLIST_KEY_UISupportedInterfaceOrientations_iPhone = "UIInterfaceOrientationPortrait UIInterfaceOrientationLandscapeLeft UIInterfaceOrientationLandscapeRight";
				LD_RUNPATH_SEARCH_PATHS = (
					"$(inherited)",
					"@executable_path/Frameworks",
				);
				MARKETING_VERSION = 1.0;
				PRODUCT_BUNDLE_IDENTIFIER = Swift.decodeCSVfiles;
				PRODUCT_NAME = "$(TARGET_NAME)";
				SWIFT_EMIT_LOC_STRINGS = YES;
				SWIFT_VERSION = 5.0;
				TARGETED_DEVICE_FAMILY = "1,2";
			};
			name = Debug;
		};
		F7F02E9D2909940F0091DC39 /* Release */ = {
			isa = XCBuildConfiguration;
			buildSettings = {
				ASSETCATALOG_COMPILER_APPICON_NAME = AppIcon;
				ASSETCATALOG_COMPILER_GLOBAL_ACCENT_COLOR_NAME = AccentColor;
				CODE_SIGN_STYLE = Automatic;
				CURRENT_PROJECT_VERSION = 1;
				DEVELOPMENT_TEAM = 725K596GTU;
				GENERATE_INFOPLIST_FILE = YES;
				INFOPLIST_FILE = decodeCSVfiles/Info.plist;
				INFOPLIST_KEY_UIApplicationSupportsIndirectInputEvents = YES;
				INFOPLIST_KEY_UILaunchStoryboardName = LaunchScreen;
				INFOPLIST_KEY_UIMainStoryboardFile = Main;
				INFOPLIST_KEY_UISupportedInterfaceOrientations_iPad = "UIInterfaceOrientationPortrait UIInterfaceOrientationPortraitUpsideDown UIInterfaceOrientationLandscapeLeft UIInterfaceOrientationLandscapeRight";
				INFOPLIST_KEY_UISupportedInterfaceOrientations_iPhone = "UIInterfaceOrientationPortrait UIInterfaceOrientationLandscapeLeft UIInterfaceOrientationLandscapeRight";
				LD_RUNPATH_SEARCH_PATHS = (
					"$(inherited)",
					"@executable_path/Frameworks",
				);
				MARKETING_VERSION = 1.0;
				PRODUCT_BUNDLE_IDENTIFIER = Swift.decodeCSVfiles;
				PRODUCT_NAME = "$(TARGET_NAME)";
				SWIFT_EMIT_LOC_STRINGS = YES;
				SWIFT_VERSION = 5.0;
				TARGETED_DEVICE_FAMILY = "1,2";
			};
			name = Release;
		};
		F7F02E9F2909940F0091DC39 /* Debug */ = {
			isa = XCBuildConfiguration;
			buildSettings = {
				ALWAYS_EMBED_SWIFT_STANDARD_LIBRARIES = YES;
				BUNDLE_LOADER = "$(TEST_HOST)";
				CODE_SIGN_STYLE = Automatic;
				CURRENT_PROJECT_VERSION = 1;
				DEVELOPMENT_TEAM = 725K596GTU;
				GENERATE_INFOPLIST_FILE = YES;
				IPHONEOS_DEPLOYMENT_TARGET = 16.0;
				MARKETING_VERSION = 1.0;
				PRODUCT_BUNDLE_IDENTIFIER = Swift.decodeCSVfilesTests;
				PRODUCT_NAME = "$(TARGET_NAME)";
				SWIFT_EMIT_LOC_STRINGS = NO;
				SWIFT_VERSION = 5.0;
				TARGETED_DEVICE_FAMILY = "1,2";
				TEST_HOST = "$(BUILT_PRODUCTS_DIR)/decodeCSVfiles.app/$(BUNDLE_EXECUTABLE_FOLDER_PATH)/decodeCSVfiles";
			};
			name = Debug;
		};
		F7F02EA02909940F0091DC39 /* Release */ = {
			isa = XCBuildConfiguration;
			buildSettings = {
				ALWAYS_EMBED_SWIFT_STANDARD_LIBRARIES = YES;
				BUNDLE_LOADER = "$(TEST_HOST)";
				CODE_SIGN_STYLE = Automatic;
				CURRENT_PROJECT_VERSION = 1;
				DEVELOPMENT_TEAM = 725K596GTU;
				GENERATE_INFOPLIST_FILE = YES;
				IPHONEOS_DEPLOYMENT_TARGET = 16.0;
				MARKETING_VERSION = 1.0;
				PRODUCT_BUNDLE_IDENTIFIER = Swift.decodeCSVfilesTests;
				PRODUCT_NAME = "$(TARGET_NAME)";
				SWIFT_EMIT_LOC_STRINGS = NO;
				SWIFT_VERSION = 5.0;
				TARGETED_DEVICE_FAMILY = "1,2";
				TEST_HOST = "$(BUILT_PRODUCTS_DIR)/decodeCSVfiles.app/$(BUNDLE_EXECUTABLE_FOLDER_PATH)/decodeCSVfiles";
			};
			name = Release;
		};
		F7F02EA22909940F0091DC39 /* Debug */ = {
			isa = XCBuildConfiguration;
			buildSettings = {
				ALWAYS_EMBED_SWIFT_STANDARD_LIBRARIES = YES;
				CODE_SIGN_STYLE = Automatic;
				CURRENT_PROJECT_VERSION = 1;
				DEVELOPMENT_TEAM = 725K596GTU;
				GENERATE_INFOPLIST_FILE = YES;
				MARKETING_VERSION = 1.0;
				PRODUCT_BUNDLE_IDENTIFIER = Swift.decodeCSVfilesUITests;
				PRODUCT_NAME = "$(TARGET_NAME)";
				SWIFT_EMIT_LOC_STRINGS = NO;
				SWIFT_VERSION = 5.0;
				TARGETED_DEVICE_FAMILY = "1,2";
				TEST_TARGET_NAME = decodeCSVfiles;
			};
			name = Debug;
		};
		F7F02EA32909940F0091DC39 /* Release */ = {
			isa = XCBuildConfiguration;
			buildSettings = {
				ALWAYS_EMBED_SWIFT_STANDARD_LIBRARIES = YES;
				CODE_SIGN_STYLE = Automatic;
				CURRENT_PROJECT_VERSION = 1;
				DEVELOPMENT_TEAM = 725K596GTU;
				GENERATE_INFOPLIST_FILE = YES;
				MARKETING_VERSION = 1.0;
				PRODUCT_BUNDLE_IDENTIFIER = Swift.decodeCSVfilesUITests;
				PRODUCT_NAME = "$(TARGET_NAME)";
				SWIFT_EMIT_LOC_STRINGS = NO;
				SWIFT_VERSION = 5.0;
				TARGETED_DEVICE_FAMILY = "1,2";
				TEST_TARGET_NAME = decodeCSVfiles;
			};
			name = Release;
		};
/* End XCBuildConfiguration section */

/* Begin XCConfigurationList section */
		F7F02E6C2909940D0091DC39 /* Build configuration list for PBXProject "decodeCSVfiles" */ = {
			isa = XCConfigurationList;
			buildConfigurations = (
				F7F02E992909940F0091DC39 /* Debug */,
				F7F02E9A2909940F0091DC39 /* Release */,
			);
			defaultConfigurationIsVisible = 0;
			defaultConfigurationName = Release;
		};
		F7F02E9B2909940F0091DC39 /* Build configuration list for PBXNativeTarget "decodeCSVfiles" */ = {
			isa = XCConfigurationList;
			buildConfigurations = (
				F7F02E9C2909940F0091DC39 /* Debug */,
				F7F02E9D2909940F0091DC39 /* Release */,
			);
			defaultConfigurationIsVisible = 0;
			defaultConfigurationName = Release;
		};
		F7F02E9E2909940F0091DC39 /* Build configuration list for PBXNativeTarget "decodeCSVfilesTests" */ = {
			isa = XCConfigurationList;
			buildConfigurations = (
				F7F02E9F2909940F0091DC39 /* Debug */,
				F7F02EA02909940F0091DC39 /* Release */,
			);
			defaultConfigurationIsVisible = 0;
			defaultConfigurationName = Release;
		};
		F7F02EA12909940F0091DC39 /* Build configuration list for PBXNativeTarget "decodeCSVfilesUITests" */ = {
			isa = XCConfigurationList;
			buildConfigurations = (
				F7F02EA22909940F0091DC39 /* Debug */,
				F7F02EA32909940F0091DC39 /* Release */,
			);
			defaultConfigurationIsVisible = 0;
			defaultConfigurationName = Release;
		};
/* End XCConfigurationList section */
	};
	rootObject = F7F02E692909940D0091DC39 /* Project object */;
}
